// !$*UTF8*$!
{
	archiveVersion = 1;
	classes = {
	};
	objectVersion = 77;
	objects = {

/* Begin PBXBuildFile section */
		CED410EB2D74951F0076828B /* libSimpleXlsxd.a in Frameworks */ = {isa = PBXBuildFile; fileRef = CED410EA2D7495100076828B /* libSimpleXlsxd.a */; };
		CED411142D74968A0076828B /* main.cpp in Sources */ = {isa = PBXBuildFile; fileRef = CED411122D74968A0076828B /* main.cpp */; };
/* End PBXBuildFile section */

/* Begin PBXContainerItemProxy section */
		CED410E92D7495100076828B /* PBXContainerItemProxy */ = {
			isa = PBXContainerItemProxy;
			containerPortal = CED410E22D7495100076828B /* SimpleXlsx.xcodeproj */;
			proxyType = 2;
			remoteGlobalIDString = B75C5D7D618248F69A2529EC;
			remoteInfo = SimpleXlsx;
		};
/* End PBXContainerItemProxy section */

/* Begin PBXCopyFilesBuildPhase section */
		CED410AD2D7484280076828B /* CopyFiles */ = {
			isa = PBXCopyFilesBuildPhase;
			buildActionMask = 2147483647;
			dstPath = /usr/share/man/man1/;
			dstSubfolderSpec = 0;
			files = (
			);
			runOnlyForDeploymentPostprocessing = 1;
		};
/* End PBXCopyFilesBuildPhase section */

/* Begin PBXFileReference section */
		CED410AF2D7484280076828B /* xlsx_doc */ = {isa = PBXFileReference; explicitFileType = "compiled.mach-o.executable"; includeInIndex = 0; path = xlsx_doc; sourceTree = BUILT_PRODUCTS_DIR; };
		CED410E22D7495100076828B /* SimpleXlsx.xcodeproj */ = {isa = PBXFileReference; lastKnownFileType = "wrapper.pb-project"; name = SimpleXlsx.xcodeproj; path = lib_xlsx/build_mac/SimpleXlsx.xcodeproj; sourceTree = "<group>"; };
		CED411052D74968A0076828B /* 82b82416624d2658e5098eb0a28c15c5-common-args.resp */ = {isa = PBXFileReference; lastKnownFileType = text; path = "82b82416624d2658e5098eb0a28c15c5-common-args.resp"; sourceTree = "<group>"; };
		CED411062D74968A0076828B /* SimpleXlsxd.LinkFileList */ = {isa = PBXFileReference; lastKnownFileType = text; path = SimpleXlsxd.LinkFileList; sourceTree = "<group>"; };
		CED411092D74968A0076828B /* SimpleXlsxd.DependencyMetadataFileList */ = {isa = PBXFileReference; lastKnownFileType = text; path = SimpleXlsxd.DependencyMetadataFileList; sourceTree = "<group>"; };
		CED4110A2D74968A0076828B /* SimpleXlsxd-preparedForIndex-module */ = {isa = PBXFileReference; lastKnownFileType = text; path = "SimpleXlsxd-preparedForIndex-module"; sourceTree = "<group>"; };
		CED411122D74968A0076828B /* main.cpp */ = {isa = PBXFileReference; lastKnownFileType = sourcecode.cpp.cpp; path = main.cpp; sourceTree = "<group>"; };
/* End PBXFileReference section */

/* Begin PBXFrameworksBuildPhase section */
		CED410AC2D7484280076828B /* Frameworks */ = {
			isa = PBXFrameworksBuildPhase;
			buildActionMask = 2147483647;
			files = (
				CED410EB2D74951F0076828B /* libSimpleXlsxd.a in Frameworks */,
			);
			runOnlyForDeploymentPostprocessing = 0;
		};
/* End PBXFrameworksBuildPhase section */

/* Begin PBXGroup section */
		CED410A62D7484280076828B = {
			isa = PBXGroup;
			children = (
				CED411132D74968A0076828B /* xlsx_main */,
				CED410E22D7495100076828B /* SimpleXlsx.xcodeproj */,
				CED410C22D7485A60076828B /* Frameworks */,
				CED410B02D7484280076828B /* Products */,
			);
			sourceTree = "<group>";
		};
		CED410B02D7484280076828B /* Products */ = {
			isa = PBXGroup;
			children = (
				CED410AF2D7484280076828B /* xlsx_doc */,
			);
			name = Products;
			sourceTree = "<group>";
		};
		CED410C22D7485A60076828B /* Frameworks */ = {
			isa = PBXGroup;
			children = (
			);
			name = Frameworks;
			sourceTree = "<group>";
		};
		CED410E32D7495100076828B /* Products */ = {
			isa = PBXGroup;
			children = (
				CED410EA2D7495100076828B /* libSimpleXlsxd.a */,
			);
			name = Products;
			sourceTree = "<group>";
		};
		CED411072D74968A0076828B /* x86_64 */ = {
			isa = PBXGroup;
			children = (
				CED411052D74968A0076828B /* 82b82416624d2658e5098eb0a28c15c5-common-args.resp */,
				CED411062D74968A0076828B /* SimpleXlsxd.LinkFileList */,
			);
			path = x86_64;
			sourceTree = "<group>";
		};
		CED411082D74968A0076828B /* Objects-normal */ = {
			isa = PBXGroup;
			children = (
				CED411072D74968A0076828B /* x86_64 */,
			);
			path = "Objects-normal";
			sourceTree = "<group>";
		};
		CED4110B2D74968A0076828B /* Debug */ = {
			isa = PBXGroup;
			children = (
				CED411082D74968A0076828B /* Objects-normal */,
				CED411092D74968A0076828B /* SimpleXlsxd.DependencyMetadataFileList */,
				CED4110A2D74968A0076828B /* SimpleXlsxd-preparedForIndex-module */,
			);
			path = Debug;
			sourceTree = "<group>";
		};
		CED4110C2D74968A0076828B /* SimpleXlsx.build */ = {
			isa = PBXGroup;
			children = (
				CED4110B2D74968A0076828B /* Debug */,
			);
			path = SimpleXlsx.build;
			sourceTree = "<group>";
		};
		CED4110D2D74968A0076828B /* build */ = {
			isa = PBXGroup;
			children = (
				CED4110C2D74968A0076828B /* SimpleXlsx.build */,
			);
			path = build;
			sourceTree = "<group>";
		};
		CED4110E2D74968A0076828B /* CMakeFiles */ = {
			isa = PBXGroup;
			children = (
			);
			path = CMakeFiles;
			sourceTree = "<group>";
		};
		CED4110F2D74968A0076828B /* Debug */ = {
			isa = PBXGroup;
			children = (
			);
			path = Debug;
			sourceTree = "<group>";
		};
		CED411102D74968A0076828B /* build_mac */ = {
			isa = PBXGroup;
			children = (
				CED4110D2D74968A0076828B /* build */,
				CED4110E2D74968A0076828B /* CMakeFiles */,
				CED4110F2D74968A0076828B /* Debug */,
			);
			path = build_mac;
			sourceTree = "<group>";
		};
		CED411112D74968A0076828B /* lib_xlsx */ = {
			isa = PBXGroup;
			children = (
				CED411102D74968A0076828B /* build_mac */,
			);
			path = lib_xlsx;
			sourceTree = "<group>";
		};
		CED411132D74968A0076828B /* xlsx_main */ = {
			isa = PBXGroup;
			children = (
				CED411112D74968A0076828B /* lib_xlsx */,
				CED411122D74968A0076828B /* main.cpp */,
			);
			path = xlsx_main;
			sourceTree = "<group>";
		};
/* End PBXGroup section */

/* Begin PBXNativeTarget section */
		CED410AE2D7484280076828B /* xlsx_doc */ = {
			isa = PBXNativeTarget;
			buildConfigurationList = CED410B62D7484280076828B /* Build configuration list for PBXNativeTarget "xlsx_doc" */;
			buildPhases = (
				CED410AB2D7484280076828B /* Sources */,
				CED410AC2D7484280076828B /* Frameworks */,
				CED410AD2D7484280076828B /* CopyFiles */,
			);
			buildRules = (
			);
			dependencies = (
			);
			name = xlsx_doc;
			packageProductDependencies = (
			);
			productName = xlsx_doc;
			productReference = CED410AF2D7484280076828B /* xlsx_doc */;
			productType = "com.apple.product-type.tool";
		};
/* End PBXNativeTarget section */

/* Begin PBXProject section */
		CED410A72D7484280076828B /* Project object */ = {
			isa = PBXProject;
			attributes = {
				BuildIndependentTargetsInParallel = 1;
				LastUpgradeCheck = 1620;
				TargetAttributes = {
					CED410AE2D7484280076828B = {
						CreatedOnToolsVersion = 16.2;
					};
				};
			};
			buildConfigurationList = CED410AA2D7484280076828B /* Build configuration list for PBXProject "xlsx_doc" */;
			developmentRegion = en;
			hasScannedForEncodings = 0;
			knownRegions = (
				en,
				Base,
			);
			mainGroup = CED410A62D7484280076828B;
			minimizedProjectReferenceProxies = 1;
			preferredProjectObjectVersion = 77;
			productRefGroup = CED410B02D7484280076828B /* Products */;
			projectDirPath = "";
			projectReferences = (
				{
					ProductGroup = CED410E32D7495100076828B /* Products */;
					ProjectRef = CED410E22D7495100076828B /* SimpleXlsx.xcodeproj */;
				},
			);
			projectRoot = "";
			targets = (
				CED410AE2D7484280076828B /* xlsx_doc */,
			);
		};
/* End PBXProject section */

/* Begin PBXReferenceProxy section */
		CED410EA2D7495100076828B /* libSimpleXlsxd.a */ = {
			isa = PBXReferenceProxy;
			fileType = archive.ar;
			path = libSimpleXlsxd.a;
			remoteRef = CED410E92D7495100076828B /* PBXContainerItemProxy */;
			sourceTree = BUILT_PRODUCTS_DIR;
		};
/* End PBXReferenceProxy section */

/* Begin PBXSourcesBuildPhase section */
		CED410AB2D7484280076828B /* Sources */ = {
			isa = PBXSourcesBuildPhase;
			buildActionMask = 2147483647;
			files = (
				CED411142D74968A0076828B /* main.cpp in Sources */,
			);
			runOnlyForDeploymentPostprocessing = 0;
		};
/* End PBXSourcesBuildPhase section */

/* Begin XCBuildConfiguration section */
		CED410B42D7484280076828B /* Debug */ = {
			isa = XCBuildConfiguration;
			buildSettings = {
				ALWAYS_SEARCH_USER_PATHS = NO;
				ASSETCATALOG_COMPILER_GENERATE_SWIFT_ASSET_SYMBOL_EXTENSIONS = YES;
				CLANG_ANALYZER_NONNULL = YES;
				CLANG_ANALYZER_NUMBER_OBJECT_CONVERSION = YES_AGGRESSIVE;
				CLANG_CXX_LANGUAGE_STANDARD = "gnu++20";
				CLANG_ENABLE_MODULES = YES;
				CLANG_ENABLE_OBJC_ARC = YES;
				CLANG_ENABLE_OBJC_WEAK = YES;
				CLANG_WARN_BLOCK_CAPTURE_AUTORELEASING = YES;
				CLANG_WARN_BOOL_CONVERSION = YES;
				CLANG_WARN_COMMA = YES;
				CLANG_WARN_CONSTANT_CONVERSION = YES;
				CLANG_WARN_DEPRECATED_OBJC_IMPLEMENTATIONS = YES;
				CLANG_WARN_DIRECT_OBJC_ISA_USAGE = YES_ERROR;
				CLANG_WARN_DOCUMENTATION_COMMENTS = YES;
				CLANG_WARN_EMPTY_BODY = YES;
				CLANG_WARN_ENUM_CONVERSION = YES;
				CLANG_WARN_INFINITE_RECURSION = YES;
				CLANG_WARN_INT_CONVERSION = YES;
				CLANG_WARN_NON_LITERAL_NULL_CONVERSION = YES;
				CLANG_WARN_OBJC_IMPLICIT_RETAIN_SELF = YES;
				CLANG_WARN_OBJC_LITERAL_CONVERSION = YES;
				CLANG_WARN_OBJC_ROOT_CLASS = YES_ERROR;
				CLANG_WARN_QUOTED_INCLUDE_IN_FRAMEWORK_HEADER = YES;
				CLANG_WARN_RANGE_LOOP_ANALYSIS = YES;
				CLANG_WARN_STRICT_PROTOTYPES = YES;
				CLANG_WARN_SUSPICIOUS_MOVE = YES;
				CLANG_WARN_UNGUARDED_AVAILABILITY = YES_AGGRESSIVE;
				CLANG_WARN_UNREACHABLE_CODE = YES;
				CLANG_WARN__DUPLICATE_METHOD_MATCH = YES;
				COPY_PHASE_STRIP = NO;
				DEBUG_INFORMATION_FORMAT = dwarf;
				ENABLE_STRICT_OBJC_MSGSEND = YES;
				ENABLE_TESTABILITY = YES;
				ENABLE_USER_SCRIPT_SANDBOXING = YES;
				GCC_C_LANGUAGE_STANDARD = gnu17;
				GCC_DYNAMIC_NO_PIC = NO;
				GCC_NO_COMMON_BLOCKS = YES;
				GCC_OPTIMIZATION_LEVEL = 0;
				GCC_PREPROCESSOR_DEFINITIONS = (
					"DEBUG=1",
					"$(inherited)",
				);
				GCC_WARN_64_TO_32_BIT_CONVERSION = YES;
				GCC_WARN_ABOUT_RETURN_TYPE = YES_ERROR;
				GCC_WARN_UNDECLARED_SELECTOR = YES;
				GCC_WARN_UNINITIALIZED_AUTOS = YES_AGGRESSIVE;
				GCC_WARN_UNUSED_FUNCTION = YES;
				GCC_WARN_UNUSED_VARIABLE = YES;
				LOCALIZATION_PREFERS_STRING_CATALOGS = YES;
				MACOSX_DEPLOYMENT_TARGET = 15.2;
				MTL_ENABLE_DEBUG_INFO = INCLUDE_SOURCE;
				MTL_FAST_MATH = YES;
				ONLY_ACTIVE_ARCH = YES;
				SDKROOT = macosx;
			};
			name = Debug;
		};
		CED410B52D7484280076828B /* Release */ = {
			isa = XCBuildConfiguration;
			buildSettings = {
				ALWAYS_SEARCH_USER_PATHS = NO;
				ASSETCATALOG_COMPILER_GENERATE_SWIFT_ASSET_SYMBOL_EXTENSIONS = YES;
				CLANG_ANALYZER_NONNULL = YES;
				CLANG_ANALYZER_NUMBER_OBJECT_CONVERSION = YES_AGGRESSIVE;
				CLANG_CXX_LANGUAGE_STANDARD = "gnu++20";
				CLANG_ENABLE_MODULES = YES;
				CLANG_ENABLE_OBJC_ARC = YES;
				CLANG_ENABLE_OBJC_WEAK = YES;
				CLANG_WARN_BLOCK_CAPTURE_AUTORELEASING = YES;
				CLANG_WARN_BOOL_CONVERSION = YES;
				CLANG_WARN_COMMA = YES;
				CLANG_WARN_CONSTANT_CONVERSION = YES;
				CLANG_WARN_DEPRECATED_OBJC_IMPLEMENTATIONS = YES;
				CLANG_WARN_DIRECT_OBJC_ISA_USAGE = YES_ERROR;
				CLANG_WARN_DOCUMENTATION_COMMENTS = YES;
				CLANG_WARN_EMPTY_BODY = YES;
				CLANG_WARN_ENUM_CONVERSION = YES;
				CLANG_WARN_INFINITE_RECURSION = YES;
				CLANG_WARN_INT_CONVERSION = YES;
				CLANG_WARN_NON_LITERAL_NULL_CONVERSION = YES;
				CLANG_WARN_OBJC_IMPLICIT_RETAIN_SELF = YES;
				CLANG_WARN_OBJC_LITERAL_CONVERSION = YES;
				CLANG_WARN_OBJC_ROOT_CLASS = YES_ERROR;
				CLANG_WARN_QUOTED_INCLUDE_IN_FRAMEWORK_HEADER = YES;
				CLANG_WARN_RANGE_LOOP_ANALYSIS = YES;
				CLANG_WARN_STRICT_PROTOTYPES = YES;
				CLANG_WARN_SUSPICIOUS_MOVE = YES;
				CLANG_WARN_UNGUARDED_AVAILABILITY = YES_AGGRESSIVE;
				CLANG_WARN_UNREACHABLE_CODE = YES;
				CLANG_WARN__DUPLICATE_METHOD_MATCH = YES;
				COPY_PHASE_STRIP = NO;
				DEBUG_INFORMATION_FORMAT = "dwarf-with-dsym";
				ENABLE_NS_ASSERTIONS = NO;
				ENABLE_STRICT_OBJC_MSGSEND = YES;
				ENABLE_USER_SCRIPT_SANDBOXING = YES;
				GCC_C_LANGUAGE_STANDARD = gnu17;
				GCC_NO_COMMON_BLOCKS = YES;
				GCC_WARN_64_TO_32_BIT_CONVERSION = YES;
				GCC_WARN_ABOUT_RETURN_TYPE = YES_ERROR;
				GCC_WARN_UNDECLARED_SELECTOR = YES;
				GCC_WARN_UNINITIALIZED_AUTOS = YES_AGGRESSIVE;
				GCC_WARN_UNUSED_FUNCTION = YES;
				GCC_WARN_UNUSED_VARIABLE = YES;
				LOCALIZATION_PREFERS_STRING_CATALOGS = YES;
				MACOSX_DEPLOYMENT_TARGET = 15.2;
				MTL_ENABLE_DEBUG_INFO = NO;
				MTL_FAST_MATH = YES;
				SDKROOT = macosx;
			};
			name = Release;
		};
		CED410B72D7484280076828B /* Debug */ = {
			isa = XCBuildConfiguration;
			buildSettings = {
				CODE_SIGN_STYLE = Automatic;
				PRODUCT_NAME = "$(TARGET_NAME)";
				USER_HEADER_SEARCH_PATHS = "/Users/user/exelize/xlsx//lib_xlsx/xlsx/Xlsx";
			};
			name = Debug;
		};
		CED410B82D7484280076828B /* Release */ = {
			isa = XCBuildConfiguration;
			buildSettings = {
				CODE_SIGN_STYLE = Automatic;
				PRODUCT_NAME = "$(TARGET_NAME)";
				USER_HEADER_SEARCH_PATHS = "/Users/user/exelize/xlsx//lib_xlsx/xlsx/Xlsx";
			};
			name = Release;
		};
/* End XCBuildConfiguration section */

/* Begin XCConfigurationList section */
		CED410AA2D7484280076828B /* Build configuration list for PBXProject "xlsx_doc" */ = {
			isa = XCConfigurationList;
			buildConfigurations = (
				CED410B42D7484280076828B /* Debug */,
				CED410B52D7484280076828B /* Release */,
			);
			defaultConfigurationIsVisible = 0;
			defaultConfigurationName = Release;
		};
		CED410B62D7484280076828B /* Build configuration list for PBXNativeTarget "xlsx_doc" */ = {
			isa = XCConfigurationList;
			buildConfigurations = (
				CED410B72D7484280076828B /* Debug */,
				CED410B82D7484280076828B /* Release */,
			);
			defaultConfigurationIsVisible = 0;
			defaultConfigurationName = Release;
		};
/* End XCConfigurationList section */
	};
	rootObject = CED410A72D7484280076828B /* Project object */;
}
